
Microsoft Visual Studio Solution File, Format Version 12.00
# Visual Studio Version 17
VisualStudioVersion = 17.14.36109.1 d17.14
MinimumVisualStudioVersion = 10.0.40219.1
Project("{FAE04EC0-301F-11D3-BF4B-00C04F79EFBC}") = "MediaPlayerAnimations", "MediaPlayerAnimations\MediaPlayerAnimations.csproj", "{DDA25F8F-03A5-4BE6-BA76-58BB34665527}"
EndProject
Global
	GlobalSection(SolutionConfigurationPlatforms) = preSolution
		Debug|Any CPU = Debug|Any CPU
		Release|Any CPU = Release|Any CPU
	EndGlobalSection
	GlobalSection(ProjectConfigurationPlatforms) = postSolution
		{DDA25F8F-03A5-4BE6-BA76-58BB34665527}.Debug|Any CPU.ActiveCfg = Debug|Any CPU
		{DDA25F8F-03A5-4BE6-BA76-58BB34665527}.Debug|Any CPU.Build.0 = Debug|Any CPU
		{DDA25F8F-03A5-4BE6-BA76-58BB34665527}.Release|Any CPU.ActiveCfg = Release|Any CPU
		{DDA25F8F-03A5-4BE6-BA76-58BB34665527}.Release|Any CPU.Build.0 = Release|Any CPU
	EndGlobalSection
	GlobalSection(SolutionProperties) = preSolution
		HideSolutionNode = FALSE
	EndGlobalSection
	GlobalSection(ExtensibilityGlobals) = postSolution
		SolutionGuid = {41F6A734-1503-4A38-B28C-F521BA7EE39B}
	EndGlobalSection
EndGlobal
